// !$*UTF8*$!
{
	archiveVersion = 1;
	classes = {
	};
	objectVersion = 50;
	objects = {

/* Begin PBXBuildFile section */
		CAC7EBC121FA5071008BF1A1 /* AppDelegate.swift in Sources */ = {isa = PBXBuildFile; fileRef = CAC7EBC021FA5071008BF1A1 /* AppDelegate.swift */; };
		CAC7EBC321FA5071008BF1A1 /* ViewController.swift in Sources */ = {isa = PBXBuildFile; fileRef = CAC7EBC221FA5071008BF1A1 /* ViewController.swift */; };
		CAC7EBC621FA5071008BF1A1 /* Main.storyboard in Resources */ = {isa = PBXBuildFile; fileRef = CAC7EBC421FA5071008BF1A1 /* Main.storyboard */; };
		CAC7EBC821FA5073008BF1A1 /* Assets.xcassets in Resources */ = {isa = PBXBuildFile; fileRef = CAC7EBC721FA5073008BF1A1 /* Assets.xcassets */; };
		CAC7EBCB21FA5073008BF1A1 /* LaunchScreen.storyboard in Resources */ = {isa = PBXBuildFile; fileRef = CAC7EBC921FA5073008BF1A1 /* LaunchScreen.storyboard */; };
		CAC7EBD621FA5073008BF1A1 /* HackwichTwoTests.swift in Sources */ = {isa = PBXBuildFile; fileRef = CAC7EBD521FA5073008BF1A1 /* HackwichTwoTests.swift */; };
		CAC7EBE121FA5073008BF1A1 /* HackwichTwoUITests.swift in Sources */ = {isa = PBXBuildFile; fileRef = CAC7EBE021FA5073008BF1A1 /* HackwichTwoUITests.swift */; };
/* End PBXBuildFile section */

/* Begin PBXContainerItemProxy section */
		CAC7EBD221FA5073008BF1A1 /* PBXContainerItemProxy */ = {
			isa = PBXContainerItemProxy;
			containerPortal = CAC7EBB521FA5071008BF1A1 /* Project object */;
			proxyType = 1;
			remoteGlobalIDString = CAC7EBBC21FA5071008BF1A1;
			remoteInfo = HackwichTwo;
		};
		CAC7EBDD21FA5073008BF1A1 /* PBXContainerItemProxy */ = {
			isa = PBXContainerItemProxy;
			containerPortal = CAC7EBB521FA5071008BF1A1 /* Project object */;
			proxyType = 1;
			remoteGlobalIDString = CAC7EBBC21FA5071008BF1A1;
			remoteInfo = HackwichTwo;
		};
/* End PBXContainerItemProxy section */

/* Begin PBXFileReference section */
		CAC7EBBD21FA5071008BF1A1 /* HackwichTwo.app */ = {isa = PBXFileReference; explicitFileType = wrapper.application; includeInIndex = 0; path = HackwichTwo.app; sourceTree = BUILT_PRODUCTS_DIR; };
		CAC7EBC021FA5071008BF1A1 /* AppDelegate.swift */ = {isa = PBXFileReference; lastKnownFileType = sourcecode.swift; path = AppDelegate.swift; sourceTree = "<group>"; };
		CAC7EBC221FA5071008BF1A1 /* ViewController.swift */ = {isa = PBXFileReference; lastKnownFileType = sourcecode.swift; path = ViewController.swift; sourceTree = "<group>"; };
		CAC7EBC521FA5071008BF1A1 /* Base */ = {isa = PBXFileReference; lastKnownFileType = file.storyboard; name = Base; path = Base.lproj/Main.storyboard; sourceTree = "<group>"; };
		CAC7EBC721FA5073008BF1A1 /* Assets.xcassets */ = {isa = PBXFileReference; lastKnownFileType = folder.assetcatalog; path = Assets.xcassets; sourceTree = "<group>"; };
		CAC7EBCA21FA5073008BF1A1 /* Base */ = {isa = PBXFileReference; lastKnownFileType = file.storyboard; name = Base; path = Base.lproj/LaunchScreen.storyboard; sourceTree = "<group>"; };
		CAC7EBCC21FA5073008BF1A1 /* Info.plist */ = {isa = PBXFileReference; lastKnownFileType = text.plist.xml; path = Info.plist; sourceTree = "<group>"; };
		CAC7EBD121FA5073008BF1A1 /* HackwichTwoTests.xctest */ = {isa = PBXFileReference; explicitFileType = wrapper.cfbundle; includeInIndex = 0; path = HackwichTwoTests.xctest; sourceTree = BUILT_PRODUCTS_DIR; };
		CAC7EBD521FA5073008BF1A1 /* HackwichTwoTests.swift */ = {isa = PBXFileReference; lastKnownFileType = sourcecode.swift; path = HackwichTwoTests.swift; sourceTree = "<group>"; };
		CAC7EBD721FA5073008BF1A1 /* Info.plist */ = {isa = PBXFileReference; lastKnownFileType = text.plist.xml; path = Info.plist; sourceTree = "<group>"; };
		CAC7EBDC21FA5073008BF1A1 /* HackwichTwoUITests.xctest */ = {isa = PBXFileReference; explicitFileType = wrapper.cfbundle; includeInIndex = 0; path = HackwichTwoUITests.xctest; sourceTree = BUILT_PRODUCTS_DIR; };
		CAC7EBE021FA5073008BF1A1 /* HackwichTwoUITests.swift */ = {isa = PBXFileReference; lastKnownFileType = sourcecode.swift; path = HackwichTwoUITests.swift; sourceTree = "<group>"; };
		CAC7EBE221FA5073008BF1A1 /* Info.plist */ = {isa = PBXFileReference; lastKnownFileType = text.plist.xml; path = Info.plist; sourceTree = "<group>"; };
/* End PBXFileReference section */

/* Begin PBXFrameworksBuildPhase section */
		CAC7EBBA21FA5071008BF1A1 /* Frameworks */ = {
			isa = PBXFrameworksBuildPhase;
			buildActionMask = 2147483647;
			files = (
			);
			runOnlyForDeploymentPostprocessing = 0;
		};
		CAC7EBCE21FA5073008BF1A1 /* Frameworks */ = {
			isa = PBXFrameworksBuildPhase;
			buildActionMask = 2147483647;
			files = (
			);
			runOnlyForDeploymentPostprocessing = 0;
		};
		CAC7EBD921FA5073008BF1A1 /* Frameworks */ = {
			isa = PBXFrameworksBuildPhase;
			buildActionMask = 2147483647;
			files = (
			);
			runOnlyForDeploymentPostprocessing = 0;
		};
/* End PBXFrameworksBuildPhase section */

/* Begin PBXGroup section */
		CAC7EBB421FA5071008BF1A1 = {
			isa = PBXGroup;
			children = (
				CAC7EBBF21FA5071008BF1A1 /* HackwichTwo */,
				CAC7EBD421FA5073008BF1A1 /* HackwichTwoTests */,
				CAC7EBDF21FA5073008BF1A1 /* HackwichTwoUITests */,
				CAC7EBBE21FA5071008BF1A1 /* Products */,
			);
			sourceTree = "<group>";
		};
		CAC7EBBE21FA5071008BF1A1 /* Products */ = {
			isa = PBXGroup;
			children = (
				CAC7EBBD21FA5071008BF1A1 /* HackwichTwo.app */,
				CAC7EBD121FA5073008BF1A1 /* HackwichTwoTests.xctest */,
				CAC7EBDC21FA5073008BF1A1 /* HackwichTwoUITests.xctest */,
			);
			name = Products;
			sourceTree = "<group>";
		};
		CAC7EBBF21FA5071008BF1A1 /* HackwichTwo */ = {
			isa = PBXGroup;
			children = (
				CAC7EBC021FA5071008BF1A1 /* AppDelegate.swift */,
				CAC7EBC221FA5071008BF1A1 /* ViewController.swift */,
				CAC7EBC421FA5071008BF1A1 /* Main.storyboard */,
				CAC7EBC721FA5073008BF1A1 /* Assets.xcassets */,
				CAC7EBC921FA5073008BF1A1 /* LaunchScreen.storyboard */,
				CAC7EBCC21FA5073008BF1A1 /* Info.plist */,
			);
			path = HackwichTwo;
			sourceTree = "<group>";
		};
		CAC7EBD421FA5073008BF1A1 /* HackwichTwoTests */ = {
			isa = PBXGroup;
			children = (
				CAC7EBD521FA5073008BF1A1 /* HackwichTwoTests.swift */,
				CAC7EBD721FA5073008BF1A1 /* Info.plist */,
			);
			path = HackwichTwoTests;
			sourceTree = "<group>";
		};
		CAC7EBDF21FA5073008BF1A1 /* HackwichTwoUITests */ = {
			isa = PBXGroup;
			children = (
				CAC7EBE021FA5073008BF1A1 /* HackwichTwoUITests.swift */,
				CAC7EBE221FA5073008BF1A1 /* Info.plist */,
			);
			path = HackwichTwoUITests;
			sourceTree = "<group>";
		};
/* End PBXGroup section */

/* Begin PBXNativeTarget section */
		CAC7EBBC21FA5071008BF1A1 /* HackwichTwo */ = {
			isa = PBXNativeTarget;
			buildConfigurationList = CAC7EBE521FA5073008BF1A1 /* Build configuration list for PBXNativeTarget "HackwichTwo" */;
			buildPhases = (
				CAC7EBB921FA5071008BF1A1 /* Sources */,
				CAC7EBBA21FA5071008BF1A1 /* Frameworks */,
				CAC7EBBB21FA5071008BF1A1 /* Resources */,
			);
			buildRules = (
			);
			dependencies = (
			);
			name = HackwichTwo;
			productName = HackwichTwo;
			productReference = CAC7EBBD21FA5071008BF1A1 /* HackwichTwo.app */;
			productType = "com.apple.product-type.application";
		};
		CAC7EBD021FA5073008BF1A1 /* HackwichTwoTests */ = {
			isa = PBXNativeTarget;
			buildConfigurationList = CAC7EBE821FA5073008BF1A1 /* Build configuration list for PBXNativeTarget "HackwichTwoTests" */;
			buildPhases = (
				CAC7EBCD21FA5073008BF1A1 /* Sources */,
				CAC7EBCE21FA5073008BF1A1 /* Frameworks */,
				CAC7EBCF21FA5073008BF1A1 /* Resources */,
			);
			buildRules = (
			);
			dependencies = (
				CAC7EBD321FA5073008BF1A1 /* PBXTargetDependency */,
			);
			name = HackwichTwoTests;
			productName = HackwichTwoTests;
			productReference = CAC7EBD121FA5073008BF1A1 /* HackwichTwoTests.xctest */;
			productType = "com.apple.product-type.bundle.unit-test";
		};
		CAC7EBDB21FA5073008BF1A1 /* HackwichTwoUITests */ = {
			isa = PBXNativeTarget;
			buildConfigurationList = CAC7EBEB21FA5073008BF1A1 /* Build configuration list for PBXNativeTarget "HackwichTwoUITests" */;
			buildPhases = (
				CAC7EBD821FA5073008BF1A1 /* Sources */,
				CAC7EBD921FA5073008BF1A1 /* Frameworks */,
				CAC7EBDA21FA5073008BF1A1 /* Resources */,
			);
			buildRules = (
			);
			dependencies = (
				CAC7EBDE21FA5073008BF1A1 /* PBXTargetDependency */,
			);
			name = HackwichTwoUITests;
			productName = HackwichTwoUITests;
			productReference = CAC7EBDC21FA5073008BF1A1 /* HackwichTwoUITests.xctest */;
			productType = "com.apple.product-type.bundle.ui-testing";
		};
/* End PBXNativeTarget section */

/* Begin PBXProject section */
		CAC7EBB521FA5071008BF1A1 /* Project object */ = {
			isa = PBXProject;
			attributes = {
				LastSwiftUpdateCheck = 1010;
				LastUpgradeCheck = 1010;
				ORGANIZATIONNAME = "Kaiberenn Haleamau";
				TargetAttributes = {
					CAC7EBBC21FA5071008BF1A1 = {
						CreatedOnToolsVersion = 10.1;
					};
					CAC7EBD021FA5073008BF1A1 = {
						CreatedOnToolsVersion = 10.1;
						TestTargetID = CAC7EBBC21FA5071008BF1A1;
					};
					CAC7EBDB21FA5073008BF1A1 = {
						CreatedOnToolsVersion = 10.1;
						TestTargetID = CAC7EBBC21FA5071008BF1A1;
					};
				};
			};
			buildConfigurationList = CAC7EBB821FA5071008BF1A1 /* Build configuration list for PBXProject "HackwichTwo" */;
			compatibilityVersion = "Xcode 9.3";
			developmentRegion = en;
			hasScannedForEncodings = 0;
			knownRegions = (
				en,
				Base,
			);
			mainGroup = CAC7EBB421FA5071008BF1A1;
			productRefGroup = CAC7EBBE21FA5071008BF1A1 /* Products */;
			projectDirPath = "";
			projectRoot = "";
			targets = (
				CAC7EBBC21FA5071008BF1A1 /* HackwichTwo */,
				CAC7EBD021FA5073008BF1A1 /* HackwichTwoTests */,
				CAC7EBDB21FA5073008BF1A1 /* HackwichTwoUITests */,
			);
		};
/* End PBXProject section */

/* Begin PBXResourcesBuildPhase section */
		CAC7EBBB21FA5071008BF1A1 /* Resources */ = {
			isa = PBXResourcesBuildPhase;
			buildActionMask = 2147483647;
			files = (
				CAC7EBCB21FA5073008BF1A1 /* LaunchScreen.storyboard in Resources */,
				CAC7EBC821FA5073008BF1A1 /* Assets.xcassets in Resources */,
				CAC7EBC621FA5071008BF1A1 /* Main.storyboard in Resources */,
			);
			runOnlyForDeploymentPostprocessing = 0;
		};
		CAC7EBCF21FA5073008BF1A1 /* Resources */ = {
			isa = PBXResourcesBuildPhase;
			buildActionMask = 2147483647;
			files = (
			);
			runOnlyForDeploymentPostprocessing = 0;
		};
		CAC7EBDA21FA5073008BF1A1 /* Resources */ = {
			isa = PBXResourcesBuildPhase;
			buildActionMask = 2147483647;
			files = (
			);
			runOnlyForDeploymentPostprocessing = 0;
		};
/* End PBXResourcesBuildPhase section */

/* Begin PBXSourcesBuildPhase section */
		CAC7EBB921FA5071008BF1A1 /* Sources */ = {
			isa = PBXSourcesBuildPhase;
			buildActionMask = 2147483647;
			files = (
				CAC7EBC321FA5071008BF1A1 /* ViewController.swift in Sources */,
				CAC7EBC121FA5071008BF1A1 /* AppDelegate.swift in Sources */,
			);
			runOnlyForDeploymentPostprocessing = 0;
		};
		CAC7EBCD21FA5073008BF1A1 /* Sources */ = {
			isa = PBXSourcesBuildPhase;
			buildActionMask = 2147483647;
			files = (
				CAC7EBD621FA5073008BF1A1 /* HackwichTwoTests.swift in Sources */,
			);
			runOnlyForDeploymentPostprocessing = 0;
		};
		CAC7EBD821FA5073008BF1A1 /* Sources */ = {
			isa = PBXSourcesBuildPhase;
			buildActionMask = 2147483647;
			files = (
				CAC7EBE121FA5073008BF1A1 /* HackwichTwoUITests.swift in Sources */,
			);
			runOnlyForDeploymentPostprocessing = 0;
		};
/* End PBXSourcesBuildPhase section */

/* Begin PBXTargetDependency section */
		CAC7EBD321FA5073008BF1A1 /* PBXTargetDependency */ = {
			isa = PBXTargetDependency;
			target = CAC7EBBC21FA5071008BF1A1 /* HackwichTwo */;
			targetProxy = CAC7EBD221FA5073008BF1A1 /* PBXContainerItemProxy */;
		};
		CAC7EBDE21FA5073008BF1A1 /* PBXTargetDependency */ = {
			isa = PBXTargetDependency;
			target = CAC7EBBC21FA5071008BF1A1 /* HackwichTwo */;
			targetProxy = CAC7EBDD21FA5073008BF1A1 /* PBXContainerItemProxy */;
		};
/* End PBXTargetDependency section */

/* Begin PBXVariantGroup section */
		CAC7EBC421FA5071008BF1A1 /* Main.storyboard */ = {
			isa = PBXVariantGroup;
			children = (
				CAC7EBC521FA5071008BF1A1 /* Base */,
			);
			name = Main.storyboard;
			sourceTree = "<group>";
		};
		CAC7EBC921FA5073008BF1A1 /* LaunchScreen.storyboard */ = {
			isa = PBXVariantGroup;
			children = (
				CAC7EBCA21FA5073008BF1A1 /* Base */,
			);
			name = LaunchScreen.storyboard;
			sourceTree = "<group>";
		};
/* End PBXVariantGroup section */

/* Begin XCBuildConfiguration section */
		CAC7EBE321FA5073008BF1A1 /* Debug */ = {
			isa = XCBuildConfiguration;
			buildSettings = {
				ALWAYS_SEARCH_USER_PATHS = NO;
				CLANG_ANALYZER_NONNULL = YES;
				CLANG_ANALYZER_NUMBER_OBJECT_CONVERSION = YES_AGGRESSIVE;
				CLANG_CXX_LANGUAGE_STANDARD = "gnu++14";
				CLANG_CXX_LIBRARY = "libc++";
				CLANG_ENABLE_MODULES = YES;
				CLANG_ENABLE_OBJC_ARC = YES;
				CLANG_ENABLE_OBJC_WEAK = YES;
				CLANG_WARN_BLOCK_CAPTURE_AUTORELEASING = YES;
				CLANG_WARN_BOOL_CONVERSION = YES;
				CLANG_WARN_COMMA = YES;
				CLANG_WARN_CONSTANT_CONVERSION = YES;
				CLANG_WARN_DEPRECATED_OBJC_IMPLEMENTATIONS = YES;
				CLANG_WARN_DIRECT_OBJC_ISA_USAGE = YES_ERROR;
				CLANG_WARN_DOCUMENTATION_COMMENTS = YES;
				CLANG_WARN_EMPTY_BODY = YES;
				CLANG_WARN_ENUM_CONVERSION = YES;
				CLANG_WARN_INFINITE_RECURSION = YES;
				CLANG_WARN_INT_CONVERSION = YES;
				CLANG_WARN_NON_LITERAL_NULL_CONVERSION = YES;
				CLANG_WARN_OBJC_IMPLICIT_RETAIN_SELF = YES;
				CLANG_WARN_OBJC_LITERAL_CONVERSION = YES;
				CLANG_WARN_OBJC_ROOT_CLASS = YES_ERROR;
				CLANG_WARN_RANGE_LOOP_ANALYSIS = YES;
				CLANG_WARN_STRICT_PROTOTYPES = YES;
				CLANG_WARN_SUSPICIOUS_MOVE = YES;
				CLANG_WARN_UNGUARDED_AVAILABILITY = YES_AGGRESSIVE;
				CLANG_WARN_UNREACHABLE_CODE = YES;
				CLANG_WARN__DUPLICATE_METHOD_MATCH = YES;
				CODE_SIGN_IDENTITY = "iPhone Developer";
				COPY_PHASE_STRIP = NO;
				DEBUG_INFORMATION_FORMAT = dwarf;
				ENABLE_STRICT_OBJC_MSGSEND = YES;
				ENABLE_TESTABILITY = YES;
				GCC_C_LANGUAGE_STANDARD = gnu11;
				GCC_DYNAMIC_NO_PIC = NO;
				GCC_NO_COMMON_BLOCKS = YES;
				GCC_OPTIMIZATION_LEVEL = 0;
				GCC_PREPROCESSOR_DEFINITIONS = (
					"DEBUG=1",
					"$(inherited)",
				);
				GCC_WARN_64_TO_32_BIT_CONVERSION = YES;
				GCC_WARN_ABOUT_RETURN_TYPE = YES_ERROR;
				GCC_WARN_UNDECLARED_SELECTOR = YES;
				GCC_WARN_UNINITIALIZED_AUTOS = YES_AGGRESSIVE;
				GCC_WARN_UNUSED_FUNCTION = YES;
				GCC_WARN_UNUSED_VARIABLE = YES;
				IPHONEOS_DEPLOYMENT_TARGET = 12.1;
				MTL_ENABLE_DEBUG_INFO = INCLUDE_SOURCE;
				MTL_FAST_MATH = YES;
				ONLY_ACTIVE_ARCH = YES;
				SDKROOT = iphoneos;
				SWIFT_ACTIVE_COMPILATION_CONDITIONS = DEBUG;
				SWIFT_OPTIMIZATION_LEVEL = "-Onone";
			};
			name = Debug;
		};
		CAC7EBE421FA5073008BF1A1 /* Release */ = {
			isa = XCBuildConfiguration;
			buildSettings = {
				ALWAYS_SEARCH_USER_PATHS = NO;
				CLANG_ANALYZER_NONNULL = YES;
				CLANG_ANALYZER_NUMBER_OBJECT_CONVERSION = YES_AGGRESSIVE;
				CLANG_CXX_LANGUAGE_STANDARD = "gnu++14";
				CLANG_CXX_LIBRARY = "libc++";
				CLANG_ENABLE_MODULES = YES;
				CLANG_ENABLE_OBJC_ARC = YES;
				CLANG_ENABLE_OBJC_WEAK = YES;
				CLANG_WARN_BLOCK_CAPTURE_AUTORELEASING = YES;
				CLANG_WARN_BOOL_CONVERSION = YES;
				CLANG_WARN_COMMA = YES;
				CLANG_WARN_CONSTANT_CONVERSION = YES;
				CLANG_WARN_DEPRECATED_OBJC_IMPLEMENTATIONS = YES;
				CLANG_WARN_DIRECT_OBJC_ISA_USAGE = YES_ERROR;
				CLANG_WARN_DOCUMENTATION_COMMENTS = YES;
				CLANG_WARN_EMPTY_BODY = YES;
				CLANG_WARN_ENUM_CONVERSION = YES;
				CLANG_WARN_INFINITE_RECURSION = YES;
				CLANG_WARN_INT_CONVERSION = YES;
				CLANG_WARN_NON_LITERAL_NULL_CONVERSION = YES;
				CLANG_WARN_OBJC_IMPLICIT_RETAIN_SELF = YES;
				CLANG_WARN_OBJC_LITERAL_CONVERSION = YES;
				CLANG_WARN_OBJC_ROOT_CLASS = YES_ERROR;
				CLANG_WARN_RANGE_LOOP_ANALYSIS = YES;
				CLANG_WARN_STRICT_PROTOTYPES = YES;
				CLANG_WARN_SUSPICIOUS_MOVE = YES;
				CLANG_WARN_UNGUARDED_AVAILABILITY = YES_AGGRESSIVE;
				CLANG_WARN_UNREACHABLE_CODE = YES;
				CLANG_WARN__DUPLICATE_METHOD_MATCH = YES;
				CODE_SIGN_IDENTITY = "iPhone Developer";
				COPY_PHASE_STRIP = NO;
				DEBUG_INFORMATION_FORMAT = "dwarf-with-dsym";
				ENABLE_NS_ASSERTIONS = NO;
				ENABLE_STRICT_OBJC_MSGSEND = YES;
				GCC_C_LANGUAGE_STANDARD = gnu11;
				GCC_NO_COMMON_BLOCKS = YES;
				GCC_WARN_64_TO_32_BIT_CONVERSION = YES;
				GCC_WARN_ABOUT_RETURN_TYPE = YES_ERROR;
				GCC_WARN_UNDECLARED_SELECTOR = YES;
				GCC_WARN_UNINITIALIZED_AUTOS = YES_AGGRESSIVE;
				GCC_WARN_UNUSED_FUNCTION = YES;
				GCC_WARN_UNUSED_VARIABLE = YES;
				IPHONEOS_DEPLOYMENT_TARGET = 12.1;
				MTL_ENABLE_DEBUG_INFO = NO;
				MTL_FAST_MATH = YES;
				SDKROOT = iphoneos;
				SWIFT_COMPILATION_MODE = wholemodule;
				SWIFT_OPTIMIZATION_LEVEL = "-O";
				VALIDATE_PRODUCT = YES;
			};
			name = Release;
		};
		CAC7EBE621FA5073008BF1A1 /* Debug */ = {
			isa = XCBuildConfiguration;
			buildSettings = {
				ASSETCATALOG_COMPILER_APPICON_NAME = AppIcon;
				CODE_SIGN_STYLE = Automatic;
				DEVELOPMENT_TEAM = F2W3CRJ79A;
				INFOPLIST_FILE = HackwichTwo/Info.plist;
				LD_RUNPATH_SEARCH_PATHS = (
					"$(inherited)",
					"@executable_path/Frameworks",
				);
				PRODUCT_BUNDLE_IDENTIFIER = uhwo.org.HackwichTwo;
				PRODUCT_NAME = "$(TARGET_NAME)";
				SWIFT_VERSION = 4.2;
				TARGETED_DEVICE_FAMILY = "1,2";
			};
			name = Debug;
		};
		CAC7EBE721FA5073008BF1A1 /* Release */ = {
			isa = XCBuildConfiguration;
			buildSettings = {
				ASSETCATALOG_COMPILER_APPICON_NAME = AppIcon;
				CODE_SIGN_STYLE = Automatic;
				DEVELOPMENT_TEAM = F2W3CRJ79A;
				INFOPLIST_FILE = HackwichTwo/Info.plist;
				LD_RUNPATH_SEARCH_PATHS = (
					"$(inherited)",
					"@executable_path/Frameworks",
				);
				PRODUCT_BUNDLE_IDENTIFIER = uhwo.org.HackwichTwo;
				PRODUCT_NAME = "$(TARGET_NAME)";
				SWIFT_VERSION = 4.2;
				TARGETED_DEVICE_FAMILY = "1,2";
			};
			name = Release;
		};
		CAC7EBE921FA5073008BF1A1 /* Debug */ = {
			isa = XCBuildConfiguration;
			buildSettings = {
				ALWAYS_EMBED_SWIFT_STANDARD_LIBRARIES = YES;
				BUNDLE_LOADER = "$(TEST_HOST)";
				CODE_SIGN_STYLE = Automatic;
				DEVELOPMENT_TEAM = F2W3CRJ79A;
				INFOPLIST_FILE = HackwichTwoTests/Info.plist;
				LD_RUNPATH_SEARCH_PATHS = (
					"$(inherited)",
					"@executable_path/Frameworks",
					"@loader_path/Frameworks",
				);
				PRODUCT_BUNDLE_IDENTIFIER = uhwo.org.HackwichTwoTests;
				PRODUCT_NAME = "$(TARGET_NAME)";
				SWIFT_VERSION = 4.2;
				TARGETED_DEVICE_FAMILY = "1,2";
				TEST_HOST = "$(BUILT_PRODUCTS_DIR)/HackwichTwo.app/HackwichTwo";
			};
			name = Debug;
		};
		CAC7EBEA21FA5073008BF1A1 /* Release */ = {
			isa = XCBuildConfiguration;
			buildSettings = {
				ALWAYS_EMBED_SWIFT_STANDARD_LIBRARIES = YES;
				BUNDLE_LOADER = "$(TEST_HOST)";
				CODE_SIGN_STYLE = Automatic;
				DEVELOPMENT_TEAM = F2W3CRJ79A;
				INFOPLIST_FILE = HackwichTwoTests/Info.plist;
				LD_RUNPATH_SEARCH_PATHS = (
					"$(inherited)",
					"@executable_path/Frameworks",
					"@loader_path/Frameworks",
				);
				PRODUCT_BUNDLE_IDENTIFIER = uhwo.org.HackwichTwoTests;
				PRODUCT_NAME = "$(TARGET_NAME)";
				SWIFT_VERSION = 4.2;
				TARGETED_DEVICE_FAMILY = "1,2";
				TEST_HOST = "$(BUILT_PRODUCTS_DIR)/HackwichTwo.app/HackwichTwo";
			};
			name = Release;
		};
		CAC7EBEC21FA5073008BF1A1 /* Debug */ = {
			isa = XCBuildConfiguration;
			buildSettings = {
				ALWAYS_EMBED_SWIFT_STANDARD_LIBRARIES = YES;
				CODE_SIGN_STYLE = Automatic;
				DEVELOPMENT_TEAM = F2W3CRJ79A;
				INFOPLIST_FILE = HackwichTwoUITests/Info.plist;
				LD_RUNPATH_SEARCH_PATHS = (
					"$(inherited)",
					"@executable_path/Frameworks",
					"@loader_path/Frameworks",
				);
				PRODUCT_BUNDLE_IDENTIFIER = uhwo.org.HackwichTwoUITests;
				PRODUCT_NAME = "$(TARGET_NAME)";
				SWIFT_VERSION = 4.2;
				TARGETED_DEVICE_FAMILY = "1,2";
				TEST_TARGET_NAME = HackwichTwo;
			};
			name = Debug;
		};
		CAC7EBED21FA5073008BF1A1 /* Release */ = {
			isa = XCBuildConfiguration;
			buildSettings = {
				ALWAYS_EMBED_SWIFT_STANDARD_LIBRARIES = YES;
				CODE_SIGN_STYLE = Automatic;
				DEVELOPMENT_TEAM = F2W3CRJ79A;
				INFOPLIST_FILE = HackwichTwoUITests/Info.plist;
				LD_RUNPATH_SEARCH_PATHS = (
					"$(inherited)",
					"@executable_path/Frameworks",
					"@loader_path/Frameworks",
				);
				PRODUCT_BUNDLE_IDENTIFIER = uhwo.org.HackwichTwoUITests;
				PRODUCT_NAME = "$(TARGET_NAME)";
				SWIFT_VERSION = 4.2;
				TARGETED_DEVICE_FAMILY = "1,2";
				TEST_TARGET_NAME = HackwichTwo;
			};
			name = Release;
		};
/* End XCBuildConfiguration section */

/* Begin XCConfigurationList section */
		CAC7EBB821FA5071008BF1A1 /* Build configuration list for PBXProject "HackwichTwo" */ = {
			isa = XCConfigurationList;
			buildConfigurations = (
				CAC7EBE321FA5073008BF1A1 /* Debug */,
				CAC7EBE421FA5073008BF1A1 /* Release */,
			);
			defaultConfigurationIsVisible = 0;
			defaultConfigurationName = Release;
		};
		CAC7EBE521FA5073008BF1A1 /* Build configuration list for PBXNativeTarget "HackwichTwo" */ = {
			isa = XCConfigurationList;
			buildConfigurations = (
				CAC7EBE621FA5073008BF1A1 /* Debug */,
				CAC7EBE721FA5073008BF1A1 /* Release */,
			);
			defaultConfigurationIsVisible = 0;
			defaultConfigurationName = Release;
		};
		CAC7EBE821FA5073008BF1A1 /* Build configuration list for PBXNativeTarget "HackwichTwoTests" */ = {
			isa = XCConfigurationList;
			buildConfigurations = (
				CAC7EBE921FA5073008BF1A1 /* Debug */,
				CAC7EBEA21FA5073008BF1A1 /* Release */,
			);
			defaultConfigurationIsVisible = 0;
			defaultConfigurationName = Release;
		};
		CAC7EBEB21FA5073008BF1A1 /* Build configuration list for PBXNativeTarget "HackwichTwoUITests" */ = {
			isa = XCConfigurationList;
			buildConfigurations = (
				CAC7EBEC21FA5073008BF1A1 /* Debug */,
				CAC7EBED21FA5073008BF1A1 /* Release */,
			);
			defaultConfigurationIsVisible = 0;
			defaultConfigurationName = Release;
		};
/* End XCConfigurationList section */
	};
	rootObject = CAC7EBB521FA5071008BF1A1 /* Project object */;
}
